// !$*UTF8*$!
{
	archiveVersion = 1;
	classes = {
	};
	objectVersion = 56;
	objects = {

/* Begin PBXBuildFile section */
		B467C0A929B582E4005FE3CE /* newPracticeApp.swift in Sources */ = {isa = PBXBuildFile; fileRef = B467C0A829B582E4005FE3CE /* newPracticeApp.swift */; };
		B467C0AD29B582E6005FE3CE /* Assets.xcassets in Resources */ = {isa = PBXBuildFile; fileRef = B467C0AC29B582E6005FE3CE /* Assets.xcassets */; };
		B467C0B129B582E6005FE3CE /* Preview Assets.xcassets in Resources */ = {isa = PBXBuildFile; fileRef = B467C0B029B582E6005FE3CE /* Preview Assets.xcassets */; };
		B46B37B629B5833700CF3EA3 /* BgMaterials.swift in Sources */ = {isa = PBXBuildFile; fileRef = B46B379029B5833700CF3EA3 /* BgMaterials.swift */; };
		B46B37B729B5833700CF3EA3 /* IfLetGuardpractice.swift in Sources */ = {isa = PBXBuildFile; fileRef = B46B379129B5833700CF3EA3 /* IfLetGuardpractice.swift */; };
		B46B37B829B5833700CF3EA3 /* AppStoragePractice.swift in Sources */ = {isa = PBXBuildFile; fileRef = B46B379229B5833700CF3EA3 /* AppStoragePractice.swift */; };
		B46B37B929B5833700CF3EA3 /* ViewModelpractice.swift in Sources */ = {isa = PBXBuildFile; fileRef = B46B379329B5833700CF3EA3 /* ViewModelpractice.swift */; };
		B46B37BA29B5833700CF3EA3 /* Popover.swift in Sources */ = {isa = PBXBuildFile; fileRef = B46B379429B5833700CF3EA3 /* Popover.swift */; };
		B46B37BB29B5833700CF3EA3 /* ProfileView.swift in Sources */ = {isa = PBXBuildFile; fileRef = B46B379629B5833700CF3EA3 /* ProfileView.swift */; };
		B46B37BC29B5833700CF3EA3 /* IntroView.swift in Sources */ = {isa = PBXBuildFile; fileRef = B46B379729B5833700CF3EA3 /* IntroView.swift */; };
		B46B37BD29B5833700CF3EA3 /* OnboardingView.swift in Sources */ = {isa = PBXBuildFile; fileRef = B46B379829B5833700CF3EA3 /* OnboardingView.swift */; };
		B46B37BE29B5833700CF3EA3 /* PickerView.swift in Sources */ = {isa = PBXBuildFile; fileRef = B46B379929B5833700CF3EA3 /* PickerView.swift */; };
		B46B37BF29B5833700CF3EA3 /* Documentation.swift in Sources */ = {isa = PBXBuildFile; fileRef = B46B379A29B5833700CF3EA3 /* Documentation.swift */; };
		B46B37C029B5833700CF3EA3 /* ScrollViewReaderpra.swift in Sources */ = {isa = PBXBuildFile; fileRef = B46B379B29B5833700CF3EA3 /* ScrollViewReaderpra.swift */; };
		B46B37C129B5833700CF3EA3 /* ConditionalBootcamp.swift in Sources */ = {isa = PBXBuildFile; fileRef = B46B379C29B5833700CF3EA3 /* ConditionalBootcamp.swift */; };
		B46B37C229B5833700CF3EA3 /* FocusStateView.swift in Sources */ = {isa = PBXBuildFile; fileRef = B46B379D29B5833700CF3EA3 /* FocusStateView.swift */; };
		B46B37C329B5833700CF3EA3 /* MagnificationGestureView.swift in Sources */ = {isa = PBXBuildFile; fileRef = B46B379E29B5833700CF3EA3 /* MagnificationGestureView.swift */; };
		B46B37C429B5833700CF3EA3 /* badgeView.swift in Sources */ = {isa = PBXBuildFile; fileRef = B46B379F29B5833700CF3EA3 /* badgeView.swift */; };
		B46B37C529B5833700CF3EA3 /* ListView.swift in Sources */ = {isa = PBXBuildFile; fileRef = B46B37A029B5833700CF3EA3 /* ListView.swift */; };
		B46B37C629B5833700CF3EA3 /* TextfieldView.swift in Sources */ = {isa = PBXBuildFile; fileRef = B46B37A129B5833700CF3EA3 /* TextfieldView.swift */; };
		B46B37C729B5833700CF3EA3 /* LongGesture.swift in Sources */ = {isa = PBXBuildFile; fileRef = B46B37A229B5833700CF3EA3 /* LongGesture.swift */; };
		B46B37C829B5833700CF3EA3 /* ToggleView.swift in Sources */ = {isa = PBXBuildFile; fileRef = B46B37A329B5833700CF3EA3 /* ToggleView.swift */; };
		B46B37C929B5833700CF3EA3 /* List2View.swift in Sources */ = {isa = PBXBuildFile; fileRef = B46B37A429B5833700CF3EA3 /* List2View.swift */; };
		B46B37CA29B5833700CF3EA3 /* BindingBootcamp.swift in Sources */ = {isa = PBXBuildFile; fileRef = B46B37A529B5833700CF3EA3 /* BindingBootcamp.swift */; };
		B46B37CB29B5833700CF3EA3 /* Modelpractice.swift in Sources */ = {isa = PBXBuildFile; fileRef = B46B37A629B5833700CF3EA3 /* Modelpractice.swift */; };
		B46B37CC29B5833700CF3EA3 /* AlertView.swift in Sources */ = {isa = PBXBuildFile; fileRef = B46B37A729B5833700CF3EA3 /* AlertView.swift */; };
		B46B37CD29B5833700CF3EA3 /* SubmitTextfieldView.swift in Sources */ = {isa = PBXBuildFile; fileRef = B46B37A829B5833700CF3EA3 /* SubmitTextfieldView.swift */; };
		B46B37CE29B5833700CF3EA3 /* NavigationView.swift in Sources */ = {isa = PBXBuildFile; fileRef = B46B37A929B5833700CF3EA3 /* NavigationView.swift */; };
		B46B37CF29B5833700CF3EA3 /* AnimationBootcamp.swift in Sources */ = {isa = PBXBuildFile; fileRef = B46B37AA29B5833700CF3EA3 /* AnimationBootcamp.swift */; };
		B46B37D029B5833700CF3EA3 /* ActionsheetView.swift in Sources */ = {isa = PBXBuildFile; fileRef = B46B37AB29B5833700CF3EA3 /* ActionsheetView.swift */; };
		B46B37D129B5833700CF3EA3 /* StateBootcamp.swift in Sources */ = {isa = PBXBuildFile; fileRef = B46B37AC29B5833700CF3EA3 /* StateBootcamp.swift */; };
		B46B37D229B5833700CF3EA3 /* TextEditorView.swift in Sources */ = {isa = PBXBuildFile; fileRef = B46B37AD29B5833700CF3EA3 /* TextEditorView.swift */; };
		B46B37D329B5833700CF3EA3 /* ContextMenuView.swift in Sources */ = {isa = PBXBuildFile; fileRef = B46B37AE29B5833700CF3EA3 /* ContextMenuView.swift */; };
		B46B37D429B5833700CF3EA3 /* AnimationTimingBootcamp.swift in Sources */ = {isa = PBXBuildFile; fileRef = B46B37AF29B5833700CF3EA3 /* AnimationTimingBootcamp.swift */; };
		B46B37D529B5833700CF3EA3 /* TransitionBootcamp.swift in Sources */ = {isa = PBXBuildFile; fileRef = B46B37B029B5833700CF3EA3 /* TransitionBootcamp.swift */; };
		B46B37D629B5833700CF3EA3 /* TernaryBootcamp.swift in Sources */ = {isa = PBXBuildFile; fileRef = B46B37B129B5833700CF3EA3 /* TernaryBootcamp.swift */; };
		B46B37D729B5833700CF3EA3 /* RotationGestureView.swift in Sources */ = {isa = PBXBuildFile; fileRef = B46B37B229B5833700CF3EA3 /* RotationGestureView.swift */; };
		B46B37D829B5833700CF3EA3 /* Sheets.swift in Sources */ = {isa = PBXBuildFile; fileRef = B46B37B329B5833700CF3EA3 /* Sheets.swift */; };
		B46B37D929B5833700CF3EA3 /* AsyncImageView.swift in Sources */ = {isa = PBXBuildFile; fileRef = B46B37B429B5833700CF3EA3 /* AsyncImageView.swift */; };
		B46B37DA29B5833700CF3EA3 /* DragGestureView.swift in Sources */ = {isa = PBXBuildFile; fileRef = B46B37B529B5833700CF3EA3 /* DragGestureView.swift */; };
		B46B37DC29B5932400CF3EA3 /* Hashablepra.swift in Sources */ = {isa = PBXBuildFile; fileRef = B46B37DB29B5932400CF3EA3 /* Hashablepra.swift */; };
/* End PBXBuildFile section */

/* Begin PBXFileReference section */
		B467C0A529B582E4005FE3CE /* newPractice.app */ = {isa = PBXFileReference; explicitFileType = wrapper.application; includeInIndex = 0; path = newPractice.app; sourceTree = BUILT_PRODUCTS_DIR; };
		B467C0A829B582E4005FE3CE /* newPracticeApp.swift */ = {isa = PBXFileReference; lastKnownFileType = sourcecode.swift; path = newPracticeApp.swift; sourceTree = "<group>"; };
		B467C0AC29B582E6005FE3CE /* Assets.xcassets */ = {isa = PBXFileReference; lastKnownFileType = folder.assetcatalog; path = Assets.xcassets; sourceTree = "<group>"; };
		B467C0AE29B582E6005FE3CE /* newPractice.entitlements */ = {isa = PBXFileReference; lastKnownFileType = text.plist.entitlements; path = newPractice.entitlements; sourceTree = "<group>"; };
		B467C0B029B582E6005FE3CE /* Preview Assets.xcassets */ = {isa = PBXFileReference; lastKnownFileType = folder.assetcatalog; path = "Preview Assets.xcassets"; sourceTree = "<group>"; };
		B46B379029B5833700CF3EA3 /* BgMaterials.swift */ = {isa = PBXFileReference; fileEncoding = 4; lastKnownFileType = sourcecode.swift; path = BgMaterials.swift; sourceTree = "<group>"; };
		B46B379129B5833700CF3EA3 /* IfLetGuardpractice.swift */ = {isa = PBXFileReference; fileEncoding = 4; lastKnownFileType = sourcecode.swift; path = IfLetGuardpractice.swift; sourceTree = "<group>"; };
		B46B379229B5833700CF3EA3 /* AppStoragePractice.swift */ = {isa = PBXFileReference; fileEncoding = 4; lastKnownFileType = sourcecode.swift; path = AppStoragePractice.swift; sourceTree = "<group>"; };
		B46B379329B5833700CF3EA3 /* ViewModelpractice.swift */ = {isa = PBXFileReference; fileEncoding = 4; lastKnownFileType = sourcecode.swift; path = ViewModelpractice.swift; sourceTree = "<group>"; };
		B46B379429B5833700CF3EA3 /* Popover.swift */ = {isa = PBXFileReference; fileEncoding = 4; lastKnownFileType = sourcecode.swift; path = Popover.swift; sourceTree = "<group>"; };
		B46B379629B5833700CF3EA3 /* ProfileView.swift */ = {isa = PBXFileReference; fileEncoding = 4; lastKnownFileType = sourcecode.swift; path = ProfileView.swift; sourceTree = "<group>"; };
		B46B379729B5833700CF3EA3 /* IntroView.swift */ = {isa = PBXFileReference; fileEncoding = 4; lastKnownFileType = sourcecode.swift; path = IntroView.swift; sourceTree = "<group>"; };
		B46B379829B5833700CF3EA3 /* OnboardingView.swift */ = {isa = PBXFileReference; fileEncoding = 4; lastKnownFileType = sourcecode.swift; path = OnboardingView.swift; sourceTree = "<group>"; };
		B46B379929B5833700CF3EA3 /* PickerView.swift */ = {isa = PBXFileReference; fileEncoding = 4; lastKnownFileType = sourcecode.swift; path = PickerView.swift; sourceTree = "<group>"; };
		B46B379A29B5833700CF3EA3 /* Documentation.swift */ = {isa = PBXFileReference; fileEncoding = 4; lastKnownFileType = sourcecode.swift; path = Documentation.swift; sourceTree = "<group>"; };
		B46B379B29B5833700CF3EA3 /* ScrollViewReaderpra.swift */ = {isa = PBXFileReference; fileEncoding = 4; lastKnownFileType = sourcecode.swift; path = ScrollViewReaderpra.swift; sourceTree = "<group>"; };
		B46B379C29B5833700CF3EA3 /* ConditionalBootcamp.swift */ = {isa = PBXFileReference; fileEncoding = 4; lastKnownFileType = sourcecode.swift; path = ConditionalBootcamp.swift; sourceTree = "<group>"; };
		B46B379D29B5833700CF3EA3 /* FocusStateView.swift */ = {isa = PBXFileReference; fileEncoding = 4; lastKnownFileType = sourcecode.swift; path = FocusStateView.swift; sourceTree = "<group>"; };
		B46B379E29B5833700CF3EA3 /* MagnificationGestureView.swift */ = {isa = PBXFileReference; fileEncoding = 4; lastKnownFileType = sourcecode.swift; path = MagnificationGestureView.swift; sourceTree = "<group>"; };
		B46B379F29B5833700CF3EA3 /* badgeView.swift */ = {isa = PBXFileReference; fileEncoding = 4; lastKnownFileType = sourcecode.swift; path = badgeView.swift; sourceTree = "<group>"; };
		B46B37A029B5833700CF3EA3 /* ListView.swift */ = {isa = PBXFileReference; fileEncoding = 4; lastKnownFileType = sourcecode.swift; path = ListView.swift; sourceTree = "<group>"; };
		B46B37A129B5833700CF3EA3 /* TextfieldView.swift */ = {isa = PBXFileReference; fileEncoding = 4; lastKnownFileType = sourcecode.swift; path = TextfieldView.swift; sourceTree = "<group>"; };
		B46B37A229B5833700CF3EA3 /* LongGesture.swift */ = {isa = PBXFileReference; fileEncoding = 4; lastKnownFileType = sourcecode.swift; path = LongGesture.swift; sourceTree = "<group>"; };
		B46B37A329B5833700CF3EA3 /* ToggleView.swift */ = {isa = PBXFileReference; fileEncoding = 4; lastKnownFileType = sourcecode.swift; path = ToggleView.swift; sourceTree = "<group>"; };
		B46B37A429B5833700CF3EA3 /* List2View.swift */ = {isa = PBXFileReference; fileEncoding = 4; lastKnownFileType = sourcecode.swift; path = List2View.swift; sourceTree = "<group>"; };
		B46B37A529B5833700CF3EA3 /* BindingBootcamp.swift */ = {isa = PBXFileReference; fileEncoding = 4; lastKnownFileType = sourcecode.swift; path = BindingBootcamp.swift; sourceTree = "<group>"; };
		B46B37A629B5833700CF3EA3 /* Modelpractice.swift */ = {isa = PBXFileReference; fileEncoding = 4; lastKnownFileType = sourcecode.swift; path = Modelpractice.swift; sourceTree = "<group>"; };
		B46B37A729B5833700CF3EA3 /* AlertView.swift */ = {isa = PBXFileReference; fileEncoding = 4; lastKnownFileType = sourcecode.swift; path = AlertView.swift; sourceTree = "<group>"; };
		B46B37A829B5833700CF3EA3 /* SubmitTextfieldView.swift */ = {isa = PBXFileReference; fileEncoding = 4; lastKnownFileType = sourcecode.swift; path = SubmitTextfieldView.swift; sourceTree = "<group>"; };
		B46B37A929B5833700CF3EA3 /* NavigationView.swift */ = {isa = PBXFileReference; fileEncoding = 4; lastKnownFileType = sourcecode.swift; path = NavigationView.swift; sourceTree = "<group>"; };
		B46B37AA29B5833700CF3EA3 /* AnimationBootcamp.swift */ = {isa = PBXFileReference; fileEncoding = 4; lastKnownFileType = sourcecode.swift; path = AnimationBootcamp.swift; sourceTree = "<group>"; };
		B46B37AB29B5833700CF3EA3 /* ActionsheetView.swift */ = {isa = PBXFileReference; fileEncoding = 4; lastKnownFileType = sourcecode.swift; path = ActionsheetView.swift; sourceTree = "<group>"; };
		B46B37AC29B5833700CF3EA3 /* StateBootcamp.swift */ = {isa = PBXFileReference; fileEncoding = 4; lastKnownFileType = sourcecode.swift; path = StateBootcamp.swift; sourceTree = "<group>"; };
		B46B37AD29B5833700CF3EA3 /* TextEditorView.swift */ = {isa = PBXFileReference; fileEncoding = 4; lastKnownFileType = sourcecode.swift; path = TextEditorView.swift; sourceTree = "<group>"; };
		B46B37AE29B5833700CF3EA3 /* ContextMenuView.swift */ = {isa = PBXFileReference; fileEncoding = 4; lastKnownFileType = sourcecode.swift; path = ContextMenuView.swift; sourceTree = "<group>"; };
		B46B37AF29B5833700CF3EA3 /* AnimationTimingBootcamp.swift */ = {isa = PBXFileReference; fileEncoding = 4; lastKnownFileType = sourcecode.swift; path = AnimationTimingBootcamp.swift; sourceTree = "<group>"; };
		B46B37B029B5833700CF3EA3 /* TransitionBootcamp.swift */ = {isa = PBXFileReference; fileEncoding = 4; lastKnownFileType = sourcecode.swift; path = TransitionBootcamp.swift; sourceTree = "<group>"; };
		B46B37B129B5833700CF3EA3 /* TernaryBootcamp.swift */ = {isa = PBXFileReference; fileEncoding = 4; lastKnownFileType = sourcecode.swift; path = TernaryBootcamp.swift; sourceTree = "<group>"; };
		B46B37B229B5833700CF3EA3 /* RotationGestureView.swift */ = {isa = PBXFileReference; fileEncoding = 4; lastKnownFileType = sourcecode.swift; path = RotationGestureView.swift; sourceTree = "<group>"; };
		B46B37B329B5833700CF3EA3 /* Sheets.swift */ = {isa = PBXFileReference; fileEncoding = 4; lastKnownFileType = sourcecode.swift; path = Sheets.swift; sourceTree = "<group>"; };
		B46B37B429B5833700CF3EA3 /* AsyncImageView.swift */ = {isa = PBXFileReference; fileEncoding = 4; lastKnownFileType = sourcecode.swift; path = AsyncImageView.swift; sourceTree = "<group>"; };
		B46B37B529B5833700CF3EA3 /* DragGestureView.swift */ = {isa = PBXFileReference; fileEncoding = 4; lastKnownFileType = sourcecode.swift; path = DragGestureView.swift; sourceTree = "<group>"; };
		B46B37DB29B5932400CF3EA3 /* Hashablepra.swift */ = {isa = PBXFileReference; lastKnownFileType = sourcecode.swift; path = Hashablepra.swift; sourceTree = "<group>"; };
/* End PBXFileReference section */

/* Begin PBXFrameworksBuildPhase section */
		B467C0A229B582E4005FE3CE /* Frameworks */ = {
			isa = PBXFrameworksBuildPhase;
			buildActionMask = 2147483647;
			files = (
			);
			runOnlyForDeploymentPostprocessing = 0;
		};
/* End PBXFrameworksBuildPhase section */

/* Begin PBXGroup section */
		B467C09C29B582E4005FE3CE = {
			isa = PBXGroup;
			children = (
				B467C0A729B582E4005FE3CE /* newPractice */,
				B467C0A629B582E4005FE3CE /* Products */,
			);
			sourceTree = "<group>";
		};
		B467C0A629B582E4005FE3CE /* Products */ = {
			isa = PBXGroup;
			children = (
				B467C0A529B582E4005FE3CE /* newPractice.app */,
			);
			name = Products;
			sourceTree = "<group>";
		};
		B467C0A729B582E4005FE3CE /* newPractice */ = {
			isa = PBXGroup;
			children = (
				B467C0A829B582E4005FE3CE /* newPracticeApp.swift */,
				B46B378F29B5833700CF3EA3 /* Views */,
				B467C0AC29B582E6005FE3CE /* Assets.xcassets */,
				B467C0AE29B582E6005FE3CE /* newPractice.entitlements */,
				B467C0AF29B582E6005FE3CE /* Preview Content */,
			);
			path = newPractice;
			sourceTree = "<group>";
		};
		B467C0AF29B582E6005FE3CE /* Preview Content */ = {
			isa = PBXGroup;
			children = (
				B467C0B029B582E6005FE3CE /* Preview Assets.xcassets */,
			);
			path = "Preview Content";
			sourceTree = "<group>";
		};
		B46B378F29B5833700CF3EA3 /* Views */ = {
			isa = PBXGroup;
			children = (
				B46B379529B5833700CF3EA3 /* OnboardingViews */,
				B46B379029B5833700CF3EA3 /* BgMaterials.swift */,
				B46B379129B5833700CF3EA3 /* IfLetGuardpractice.swift */,
				B46B379229B5833700CF3EA3 /* AppStoragePractice.swift */,
				B46B379329B5833700CF3EA3 /* ViewModelpractice.swift */,
				B46B379429B5833700CF3EA3 /* Popover.swift */,
				B46B379929B5833700CF3EA3 /* PickerView.swift */,
				B46B379A29B5833700CF3EA3 /* Documentation.swift */,
				B46B379B29B5833700CF3EA3 /* ScrollViewReaderpra.swift */,
				B46B379C29B5833700CF3EA3 /* ConditionalBootcamp.swift */,
				B46B379D29B5833700CF3EA3 /* FocusStateView.swift */,
				B46B379E29B5833700CF3EA3 /* MagnificationGestureView.swift */,
				B46B379F29B5833700CF3EA3 /* badgeView.swift */,
				B46B37A029B5833700CF3EA3 /* ListView.swift */,
				B46B37A129B5833700CF3EA3 /* TextfieldView.swift */,
				B46B37A229B5833700CF3EA3 /* LongGesture.swift */,
				B46B37A329B5833700CF3EA3 /* ToggleView.swift */,
				B46B37A429B5833700CF3EA3 /* List2View.swift */,
				B46B37A529B5833700CF3EA3 /* BindingBootcamp.swift */,
				B46B37A629B5833700CF3EA3 /* Modelpractice.swift */,
				B46B37A729B5833700CF3EA3 /* AlertView.swift */,
				B46B37A829B5833700CF3EA3 /* SubmitTextfieldView.swift */,
				B46B37A929B5833700CF3EA3 /* NavigationView.swift */,
				B46B37AA29B5833700CF3EA3 /* AnimationBootcamp.swift */,
				B46B37AB29B5833700CF3EA3 /* ActionsheetView.swift */,
				B46B37AC29B5833700CF3EA3 /* StateBootcamp.swift */,
				B46B37AD29B5833700CF3EA3 /* TextEditorView.swift */,
				B46B37AE29B5833700CF3EA3 /* ContextMenuView.swift */,
				B46B37AF29B5833700CF3EA3 /* AnimationTimingBootcamp.swift */,
				B46B37B029B5833700CF3EA3 /* TransitionBootcamp.swift */,
				B46B37B129B5833700CF3EA3 /* TernaryBootcamp.swift */,
				B46B37B229B5833700CF3EA3 /* RotationGestureView.swift */,
				B46B37B329B5833700CF3EA3 /* Sheets.swift */,
				B46B37B429B5833700CF3EA3 /* AsyncImageView.swift */,
				B46B37B529B5833700CF3EA3 /* DragGestureView.swift */,
				B46B37DB29B5932400CF3EA3 /* Hashablepra.swift */,
			);
			name = Views;
			path = newPractice/Views;
			sourceTree = SOURCE_ROOT;
		};
		B46B379529B5833700CF3EA3 /* OnboardingViews */ = {
			isa = PBXGroup;
			children = (
				B46B379629B5833700CF3EA3 /* ProfileView.swift */,
				B46B379729B5833700CF3EA3 /* IntroView.swift */,
				B46B379829B5833700CF3EA3 /* OnboardingView.swift */,
			);
			path = OnboardingViews;
			sourceTree = "<group>";
		};
/* End PBXGroup section */

/* Begin PBXNativeTarget section */
		B467C0A429B582E4005FE3CE /* newPractice */ = {
			isa = PBXNativeTarget;
			buildConfigurationList = B467C0B429B582E6005FE3CE /* Build configuration list for PBXNativeTarget "newPractice" */;
			buildPhases = (
				B467C0A129B582E4005FE3CE /* Sources */,
				B467C0A229B582E4005FE3CE /* Frameworks */,
				B467C0A329B582E4005FE3CE /* Resources */,
			);
			buildRules = (
			);
			dependencies = (
			);
			name = newPractice;
			productName = newPractice;
			productReference = B467C0A529B582E4005FE3CE /* newPractice.app */;
			productType = "com.apple.product-type.application";
		};
/* End PBXNativeTarget section */

/* Begin PBXProject section */
		B467C09D29B582E4005FE3CE /* Project object */ = {
			isa = PBXProject;
			attributes = {
				BuildIndependentTargetsInParallel = 1;
				LastSwiftUpdateCheck = 1420;
				LastUpgradeCheck = 1420;
				TargetAttributes = {
					B467C0A429B582E4005FE3CE = {
						CreatedOnToolsVersion = 14.2;
					};
				};
			};
			buildConfigurationList = B467C0A029B582E4005FE3CE /* Build configuration list for PBXProject "newPractice" */;
			compatibilityVersion = "Xcode 14.0";
			developmentRegion = en;
			hasScannedForEncodings = 0;
			knownRegions = (
				en,
				Base,
			);
			mainGroup = B467C09C29B582E4005FE3CE;
			productRefGroup = B467C0A629B582E4005FE3CE /* Products */;
			projectDirPath = "";
			projectRoot = "";
			targets = (
				B467C0A429B582E4005FE3CE /* newPractice */,
			);
		};
/* End PBXProject section */

/* Begin PBXResourcesBuildPhase section */
		B467C0A329B582E4005FE3CE /* Resources */ = {
			isa = PBXResourcesBuildPhase;
			buildActionMask = 2147483647;
			files = (
				B467C0B129B582E6005FE3CE /* Preview Assets.xcassets in Resources */,
				B467C0AD29B582E6005FE3CE /* Assets.xcassets in Resources */,
			);
			runOnlyForDeploymentPostprocessing = 0;
		};
/* End PBXResourcesBuildPhase section */

/* Begin PBXSourcesBuildPhase section */
		B467C0A129B582E4005FE3CE /* Sources */ = {
			isa = PBXSourcesBuildPhase;
			buildActionMask = 2147483647;
			files = (
				B46B37BB29B5833700CF3EA3 /* ProfileView.swift in Sources */,
				B46B37C429B5833700CF3EA3 /* badgeView.swift in Sources */,
				B46B37B629B5833700CF3EA3 /* BgMaterials.swift in Sources */,
				B46B37DC29B5932400CF3EA3 /* Hashablepra.swift in Sources */,
				B46B37C729B5833700CF3EA3 /* LongGesture.swift in Sources */,
				B46B37C229B5833700CF3EA3 /* FocusStateView.swift in Sources */,
				B46B37D329B5833700CF3EA3 /* ContextMenuView.swift in Sources */,
				B46B37CC29B5833700CF3EA3 /* AlertView.swift in Sources */,
				B46B37DA29B5833700CF3EA3 /* DragGestureView.swift in Sources */,
				B46B37B729B5833700CF3EA3 /* IfLetGuardpractice.swift in Sources */,
				B46B37BD29B5833700CF3EA3 /* OnboardingView.swift in Sources */,
				B46B37D729B5833700CF3EA3 /* RotationGestureView.swift in Sources */,
				B46B37BE29B5833700CF3EA3 /* PickerView.swift in Sources */,
				B46B37D129B5833700CF3EA3 /* StateBootcamp.swift in Sources */,
				B46B37C529B5833700CF3EA3 /* ListView.swift in Sources */,
				B46B37CF29B5833700CF3EA3 /* AnimationBootcamp.swift in Sources */,
				B46B37D929B5833700CF3EA3 /* AsyncImageView.swift in Sources */,
				B467C0A929B582E4005FE3CE /* newPracticeApp.swift in Sources */,
				B46B37D829B5833700CF3EA3 /* Sheets.swift in Sources */,
				B46B37C129B5833700CF3EA3 /* ConditionalBootcamp.swift in Sources */,
				B46B37BC29B5833700CF3EA3 /* IntroView.swift in Sources */,
				B46B37D229B5833700CF3EA3 /* TextEditorView.swift in Sources */,
				B46B37D029B5833700CF3EA3 /* ActionsheetView.swift in Sources */,
				B46B37D429B5833700CF3EA3 /* AnimationTimingBootcamp.swift in Sources */,
				B46B37CD29B5833700CF3EA3 /* SubmitTextfieldView.swift in Sources */,
				B46B37C829B5833700CF3EA3 /* ToggleView.swift in Sources */,
				B46B37C629B5833700CF3EA3 /* TextfieldView.swift in Sources */,
				B46B37C929B5833700CF3EA3 /* List2View.swift in Sources */,
				B46B37BF29B5833700CF3EA3 /* Documentation.swift in Sources */,
				B46B37CE29B5833700CF3EA3 /* NavigationView.swift in Sources */,
				B46B37B829B5833700CF3EA3 /* AppStoragePractice.swift in Sources */,
				B46B37D529B5833700CF3EA3 /* TransitionBootcamp.swift in Sources */,
				B46B37CB29B5833700CF3EA3 /* Modelpractice.swift in Sources */,
				B46B37CA29B5833700CF3EA3 /* BindingBootcamp.swift in Sources */,
				B46B37D629B5833700CF3EA3 /* TernaryBootcamp.swift in Sources */,
				B46B37C329B5833700CF3EA3 /* MagnificationGestureView.swift in Sources */,
				B46B37B929B5833700CF3EA3 /* ViewModelpractice.swift in Sources */,
				B46B37BA29B5833700CF3EA3 /* Popover.swift in Sources */,
				B46B37C029B5833700CF3EA3 /* ScrollViewReaderpra.swift in Sources */,
			);
			runOnlyForDeploymentPostprocessing = 0;
		};
/* End PBXSourcesBuildPhase section */

/* Begin XCBuildConfiguration section */
		B467C0B229B582E6005FE3CE /* Debug */ = {
			isa = XCBuildConfiguration;
			buildSettings = {
				ALWAYS_SEARCH_USER_PATHS = NO;
				CLANG_ANALYZER_NONNULL = YES;
				CLANG_ANALYZER_NUMBER_OBJECT_CONVERSION = YES_AGGRESSIVE;
				CLANG_CXX_LANGUAGE_STANDARD = "gnu++20";
				CLANG_ENABLE_MODULES = YES;
				CLANG_ENABLE_OBJC_ARC = YES;
				CLANG_ENABLE_OBJC_WEAK = YES;
				CLANG_WARN_BLOCK_CAPTURE_AUTORELEASING = YES;
				CLANG_WARN_BOOL_CONVERSION = YES;
				CLANG_WARN_COMMA = YES;
				CLANG_WARN_CONSTANT_CONVERSION = YES;
				CLANG_WARN_DEPRECATED_OBJC_IMPLEMENTATIONS = YES;
				CLANG_WARN_DIRECT_OBJC_ISA_USAGE = YES_ERROR;
				CLANG_WARN_DOCUMENTATION_COMMENTS = YES;
				CLANG_WARN_EMPTY_BODY = YES;
				CLANG_WARN_ENUM_CONVERSION = YES;
				CLANG_WARN_INFINITE_RECURSION = YES;
				CLANG_WARN_INT_CONVERSION = YES;
				CLANG_WARN_NON_LITERAL_NULL_CONVERSION = YES;
				CLANG_WARN_OBJC_IMPLICIT_RETAIN_SELF = YES;
				CLANG_WARN_OBJC_LITERAL_CONVERSION = YES;
				CLANG_WARN_OBJC_ROOT_CLASS = YES_ERROR;
				CLANG_WARN_QUOTED_INCLUDE_IN_FRAMEWORK_HEADER = YES;
				CLANG_WARN_RANGE_LOOP_ANALYSIS = YES;
				CLANG_WARN_STRICT_PROTOTYPES = YES;
				CLANG_WARN_SUSPICIOUS_MOVE = YES;
				CLANG_WARN_UNGUARDED_AVAILABILITY = YES_AGGRESSIVE;
				CLANG_WARN_UNREACHABLE_CODE = YES;
				CLANG_WARN__DUPLICATE_METHOD_MATCH = YES;
				COPY_PHASE_STRIP = NO;
				DEBUG_INFORMATION_FORMAT = dwarf;
				ENABLE_STRICT_OBJC_MSGSEND = YES;
				ENABLE_TESTABILITY = YES;
				GCC_C_LANGUAGE_STANDARD = gnu11;
				GCC_DYNAMIC_NO_PIC = NO;
				GCC_NO_COMMON_BLOCKS = YES;
				GCC_OPTIMIZATION_LEVEL = 0;
				GCC_PREPROCESSOR_DEFINITIONS = (
					"DEBUG=1",
					"$(inherited)",
				);
				GCC_WARN_64_TO_32_BIT_CONVERSION = YES;
				GCC_WARN_ABOUT_RETURN_TYPE = YES_ERROR;
				GCC_WARN_UNDECLARED_SELECTOR = YES;
				GCC_WARN_UNINITIALIZED_AUTOS = YES_AGGRESSIVE;
				GCC_WARN_UNUSED_FUNCTION = YES;
				GCC_WARN_UNUSED_VARIABLE = YES;
				MTL_ENABLE_DEBUG_INFO = INCLUDE_SOURCE;
				MTL_FAST_MATH = YES;
				ONLY_ACTIVE_ARCH = YES;
				SWIFT_ACTIVE_COMPILATION_CONDITIONS = DEBUG;
				SWIFT_OPTIMIZATION_LEVEL = "-Onone";
			};
			name = Debug;
		};
		B467C0B329B582E6005FE3CE /* Release */ = {
			isa = XCBuildConfiguration;
			buildSettings = {
				ALWAYS_SEARCH_USER_PATHS = NO;
				CLANG_ANALYZER_NONNULL = YES;
				CLANG_ANALYZER_NUMBER_OBJECT_CONVERSION = YES_AGGRESSIVE;
				CLANG_CXX_LANGUAGE_STANDARD = "gnu++20";
				CLANG_ENABLE_MODULES = YES;
				CLANG_ENABLE_OBJC_ARC = YES;
				CLANG_ENABLE_OBJC_WEAK = YES;
				CLANG_WARN_BLOCK_CAPTURE_AUTORELEASING = YES;
				CLANG_WARN_BOOL_CONVERSION = YES;
				CLANG_WARN_COMMA = YES;
				CLANG_WARN_CONSTANT_CONVERSION = YES;
				CLANG_WARN_DEPRECATED_OBJC_IMPLEMENTATIONS = YES;
				CLANG_WARN_DIRECT_OBJC_ISA_USAGE = YES_ERROR;
				CLANG_WARN_DOCUMENTATION_COMMENTS = YES;
				CLANG_WARN_EMPTY_BODY = YES;
				CLANG_WARN_ENUM_CONVERSION = YES;
				CLANG_WARN_INFINITE_RECURSION = YES;
				CLANG_WARN_INT_CONVERSION = YES;
				CLANG_WARN_NON_LITERAL_NULL_CONVERSION = YES;
				CLANG_WARN_OBJC_IMPLICIT_RETAIN_SELF = YES;
				CLANG_WARN_OBJC_LITERAL_CONVERSION = YES;
				CLANG_WARN_OBJC_ROOT_CLASS = YES_ERROR;
				CLANG_WARN_QUOTED_INCLUDE_IN_FRAMEWORK_HEADER = YES;
				CLANG_WARN_RANGE_LOOP_ANALYSIS = YES;
				CLANG_WARN_STRICT_PROTOTYPES = YES;
				CLANG_WARN_SUSPICIOUS_MOVE = YES;
				CLANG_WARN_UNGUARDED_AVAILABILITY = YES_AGGRESSIVE;
				CLANG_WARN_UNREACHABLE_CODE = YES;
				CLANG_WARN__DUPLICATE_METHOD_MATCH = YES;
				COPY_PHASE_STRIP = NO;
				DEBUG_INFORMATION_FORMAT = "dwarf-with-dsym";
				ENABLE_NS_ASSERTIONS = NO;
				ENABLE_STRICT_OBJC_MSGSEND = YES;
				GCC_C_LANGUAGE_STANDARD = gnu11;
				GCC_NO_COMMON_BLOCKS = YES;
				GCC_WARN_64_TO_32_BIT_CONVERSION = YES;
				GCC_WARN_ABOUT_RETURN_TYPE = YES_ERROR;
				GCC_WARN_UNDECLARED_SELECTOR = YES;
				GCC_WARN_UNINITIALIZED_AUTOS = YES_AGGRESSIVE;
				GCC_WARN_UNUSED_FUNCTION = YES;
				GCC_WARN_UNUSED_VARIABLE = YES;
				MTL_ENABLE_DEBUG_INFO = NO;
				MTL_FAST_MATH = YES;
				SWIFT_COMPILATION_MODE = wholemodule;
				SWIFT_OPTIMIZATION_LEVEL = "-O";
			};
			name = Release;
		};
		B467C0B529B582E6005FE3CE /* Debug */ = {
			isa = XCBuildConfiguration;
			buildSettings = {
				ASSETCATALOG_COMPILER_APPICON_NAME = AppIcon;
				ASSETCATALOG_COMPILER_GLOBAL_ACCENT_COLOR_NAME = AccentColor;
				CODE_SIGN_ENTITLEMENTS = newPractice/newPractice.entitlements;
				CODE_SIGN_STYLE = Automatic;
				CURRENT_PROJECT_VERSION = 1;
				DEVELOPMENT_ASSET_PATHS = "\"newPractice/Preview Content\"";
				DEVELOPMENT_TEAM = JXXZU5QJFC;
				ENABLE_HARDENED_RUNTIME = YES;
				ENABLE_PREVIEWS = YES;
				GENERATE_INFOPLIST_FILE = YES;
				"INFOPLIST_KEY_UIApplicationSceneManifest_Generation[sdk=iphoneos*]" = YES;
				"INFOPLIST_KEY_UIApplicationSceneManifest_Generation[sdk=iphonesimulator*]" = YES;
				"INFOPLIST_KEY_UIApplicationSupportsIndirectInputEvents[sdk=iphoneos*]" = YES;
				"INFOPLIST_KEY_UIApplicationSupportsIndirectInputEvents[sdk=iphonesimulator*]" = YES;
				"INFOPLIST_KEY_UILaunchScreen_Generation[sdk=iphoneos*]" = YES;
				"INFOPLIST_KEY_UILaunchScreen_Generation[sdk=iphonesimulator*]" = YES;
				"INFOPLIST_KEY_UIStatusBarStyle[sdk=iphoneos*]" = UIStatusBarStyleDefault;
				"INFOPLIST_KEY_UIStatusBarStyle[sdk=iphonesimulator*]" = UIStatusBarStyleDefault;
				INFOPLIST_KEY_UISupportedInterfaceOrientations_iPad = "UIInterfaceOrientationPortrait UIInterfaceOrientationPortraitUpsideDown UIInterfaceOrientationLandscapeLeft UIInterfaceOrientationLandscapeRight";
				INFOPLIST_KEY_UISupportedInterfaceOrientations_iPhone = "UIInterfaceOrientationPortrait UIInterfaceOrientationLandscapeLeft UIInterfaceOrientationLandscapeRight";
				IPHONEOS_DEPLOYMENT_TARGET = 16.2;
				LD_RUNPATH_SEARCH_PATHS = "@executable_path/Frameworks";
				"LD_RUNPATH_SEARCH_PATHS[sdk=macosx*]" = "@executable_path/../Frameworks";
				MACOSX_DEPLOYMENT_TARGET = 13.1;
				MARKETING_VERSION = 1.0;
				PRODUCT_BUNDLE_IDENTIFIER = com.kxx.newPractice;
				PRODUCT_NAME = "$(TARGET_NAME)";
				SDKROOT = auto;
				SUPPORTED_PLATFORMS = "iphoneos iphonesimulator macosx";
				SWIFT_EMIT_LOC_STRINGS = YES;
				SWIFT_VERSION = 5.0;
				TARGETED_DEVICE_FAMILY = "1,2";
			};
			name = Debug;
		};
		B467C0B629B582E6005FE3CE /* Release */ = {
			isa = XCBuildConfiguration;
			buildSettings = {
				ASSETCATALOG_COMPILER_APPICON_NAME = AppIcon;
				ASSETCATALOG_COMPILER_GLOBAL_ACCENT_COLOR_NAME = AccentColor;
				CODE_SIGN_ENTITLEMENTS = newPractice/newPractice.entitlements;
				CODE_SIGN_STYLE = Automatic;
				CURRENT_PROJECT_VERSION = 1;
				DEVELOPMENT_ASSET_PATHS = "\"newPractice/Preview Content\"";
				DEVELOPMENT_TEAM = JXXZU5QJFC;
				ENABLE_HARDENED_RUNTIME = YES;
				ENABLE_PREVIEWS = YES;
				GENERATE_INFOPLIST_FILE = YES;
				"INFOPLIST_KEY_UIApplicationSceneManifest_Generation[sdk=iphoneos*]" = YES;
				"INFOPLIST_KEY_UIApplicationSceneManifest_Generation[sdk=iphonesimulator*]" = YES;
				"INFOPLIST_KEY_UIApplicationSupportsIndirectInputEvents[sdk=iphoneos*]" = YES;
				"INFOPLIST_KEY_UIApplicationSupportsIndirectInputEvents[sdk=iphonesimulator*]" = YES;
				"INFOPLIST_KEY_UILaunchScreen_Generation[sdk=iphoneos*]" = YES;
				"INFOPLIST_KEY_UILaunchScreen_Generation[sdk=iphonesimulator*]" = YES;
				"INFOPLIST_KEY_UIStatusBarStyle[sdk=iphoneos*]" = UIStatusBarStyleDefault;
				"INFOPLIST_KEY_UIStatusBarStyle[sdk=iphonesimulator*]" = UIStatusBarStyleDefault;
				INFOPLIST_KEY_UISupportedInterfaceOrientations_iPad = "UIInterfaceOrientationPortrait UIInterfaceOrientationPortraitUpsideDown UIInterfaceOrientationLandscapeLeft UIInterfaceOrientationLandscapeRight";
				INFOPLIST_KEY_UISupportedInterfaceOrientations_iPhone = "UIInterfaceOrientationPortrait UIInterfaceOrientationLandscapeLeft UIInterfaceOrientationLandscapeRight";
				IPHONEOS_DEPLOYMENT_TARGET = 16.2;
				LD_RUNPATH_SEARCH_PATHS = "@executable_path/Frameworks";
				"LD_RUNPATH_SEARCH_PATHS[sdk=macosx*]" = "@executable_path/../Frameworks";
				MACOSX_DEPLOYMENT_TARGET = 13.1;
				MARKETING_VERSION = 1.0;
				PRODUCT_BUNDLE_IDENTIFIER = com.kxx.newPractice;
				PRODUCT_NAME = "$(TARGET_NAME)";
				SDKROOT = auto;
				SUPPORTED_PLATFORMS = "iphoneos iphonesimulator macosx";
				SWIFT_EMIT_LOC_STRINGS = YES;
				SWIFT_VERSION = 5.0;
				TARGETED_DEVICE_FAMILY = "1,2";
			};
			name = Release;
		};
/* End XCBuildConfiguration section */

/* Begin XCConfigurationList section */
		B467C0A029B582E4005FE3CE /* Build configuration list for PBXProject "newPractice" */ = {
			isa = XCConfigurationList;
			buildConfigurations = (
				B467C0B229B582E6005FE3CE /* Debug */,
				B467C0B329B582E6005FE3CE /* Release */,
			);
			defaultConfigurationIsVisible = 0;
			defaultConfigurationName = Release;
		};
		B467C0B429B582E6005FE3CE /* Build configuration list for PBXNativeTarget "newPractice" */ = {
			isa = XCConfigurationList;
			buildConfigurations = (
				B467C0B529B582E6005FE3CE /* Debug */,
				B467C0B629B582E6005FE3CE /* Release */,
			);
			defaultConfigurationIsVisible = 0;
			defaultConfigurationName = Release;
		};
/* End XCConfigurationList section */
	};
	rootObject = B467C09D29B582E4005FE3CE /* Project object */;
}
